
Microsoft Visual Studio Solution File, Format Version 12.00
# Visual Studio 15
VisualStudioVersion = 15.0.26430.16
MinimumVisualStudioVersion = 10.0.40219.1
Project("{9A19103F-16F7-4668-BE54-9A1E7A4F7556}") = "CognologyFlightBooking.Api", "CognologyFlightBooking.Api\CognologyFlightBooking.Api.csproj", "{DF69F16A-A0A0-4905-93F3-1023798D3BB0}"
EndProject
Project("{9A19103F-16F7-4668-BE54-9A1E7A4F7556}") = "CognologyFlightBooking.Api.Data", "CognologyFlightBooking.Api.Data\CognologyFlightBooking.Api.Data.csproj", "{0ABC7920-3071-450C-B25E-EFDA4FDFC817}"
EndProject
Global
	GlobalSection(SolutionConfigurationPlatforms) = preSolution
		Debug|Any CPU = Debug|Any CPU
		Release|Any CPU = Release|Any CPU
	EndGlobalSection
	GlobalSection(ProjectConfigurationPlatforms) = postSolution
		{DF69F16A-A0A0-4905-93F3-1023798D3BB0}.Debug|Any CPU.ActiveCfg = Debug|Any CPU
		{DF69F16A-A0A0-4905-93F3-1023798D3BB0}.Debug|Any CPU.Build.0 = Debug|Any CPU
		{DF69F16A-A0A0-4905-93F3-1023798D3BB0}.Release|Any CPU.ActiveCfg = Release|Any CPU
		{DF69F16A-A0A0-4905-93F3-1023798D3BB0}.Release|Any CPU.Build.0 = Release|Any CPU
		{0ABC7920-3071-450C-B25E-EFDA4FDFC817}.Debug|Any CPU.ActiveCfg = Debug|Any CPU
		{0ABC7920-3071-450C-B25E-EFDA4FDFC817}.Debug|Any CPU.Build.0 = Debug|Any CPU
		{0ABC7920-3071-450C-B25E-EFDA4FDFC817}.Release|Any CPU.ActiveCfg = Release|Any CPU
		{0ABC7920-3071-450C-B25E-EFDA4FDFC817}.Release|Any CPU.Build.0 = Release|Any CPU
	EndGlobalSection
	GlobalSection(SolutionProperties) = preSolution
		HideSolutionNode = FALSE
	EndGlobalSection
EndGlobal
